
Microsoft Visual Studio Solution File, Format Version 12.00
# Visual Studio Version 17
VisualStudioVersion = 17.14.36221.1 d17.14
MinimumVisualStudioVersion = 10.0.40219.1
Project("{FAE04EC0-301F-11D3-BF4B-00C04F79EFBC}") = "TaskManagerApplication", "TaskManagerApplication\TaskManagerApplication.csproj", "{F91B3858-B9D8-4A37-940B-85BFC68DBC7F}"
EndProject
Global
	GlobalSection(SolutionConfigurationPlatforms) = preSolution
		Debug|Any CPU = Debug|Any CPU
		Release|Any CPU = Release|Any CPU
	EndGlobalSection
	GlobalSection(ProjectConfigurationPlatforms) = postSolution
		{F91B3858-B9D8-4A37-940B-85BFC68DBC7F}.Debug|Any CPU.ActiveCfg = Debug|Any CPU
		{F91B3858-B9D8-4A37-940B-85BFC68DBC7F}.Debug|Any CPU.Build.0 = Debug|Any CPU
		{F91B3858-B9D8-4A37-940B-85BFC68DBC7F}.Debug|Any CPU.Deploy.0 = Debug|Any CPU
		{F91B3858-B9D8-4A37-940B-85BFC68DBC7F}.Release|Any CPU.ActiveCfg = Release|Any CPU
		{F91B3858-B9D8-4A37-940B-85BFC68DBC7F}.Release|Any CPU.Build.0 = Release|Any CPU
		{F91B3858-B9D8-4A37-940B-85BFC68DBC7F}.Release|Any CPU.Deploy.0 = Release|Any CPU
	EndGlobalSection
	GlobalSection(SolutionProperties) = preSolution
		HideSolutionNode = FALSE
	EndGlobalSection
	GlobalSection(ExtensibilityGlobals) = postSolution
		SolutionGuid = {82900E11-F16F-42E0-B5C4-C878D0A1F415}
	EndGlobalSection
EndGlobal
